
Microsoft Visual Studio Solution File, Format Version 12.00
# Visual Studio Version 17
VisualStudioVersion = 17.2.32630.192
MinimumVisualStudioVersion = 10.0.40219.1
Project("{FAE04EC0-301F-11D3-BF4B-00C04F79EFBC}") = "EnqueueJob", "EnqueueJob\EnqueueJob.csproj", "{DB0F3F27-9A4F-4BBF-BECD-EB75CEECD8C5}"
EndProject
Global
	GlobalSection(SolutionConfigurationPlatforms) = preSolution
		Debug|Any CPU = Debug|Any CPU
		Release|Any CPU = Release|Any CPU
	EndGlobalSection
	GlobalSection(ProjectConfigurationPlatforms) = postSolution
		{DB0F3F27-9A4F-4BBF-BECD-EB75CEECD8C5}.Debug|Any CPU.ActiveCfg = Debug|Any CPU
		{DB0F3F27-9A4F-4BBF-BECD-EB75CEECD8C5}.Debug|Any CPU.Build.0 = Debug|Any CPU
		{DB0F3F27-9A4F-4BBF-BECD-EB75CEECD8C5}.Release|Any CPU.ActiveCfg = Release|Any CPU
		{DB0F3F27-9A4F-4BBF-BECD-EB75CEECD8C5}.Release|Any CPU.Build.0 = Release|Any CPU
	EndGlobalSection
	GlobalSection(SolutionProperties) = preSolution
		HideSolutionNode = FALSE
	EndGlobalSection
	GlobalSection(ExtensibilityGlobals) = postSolution
		SolutionGuid = {581934A5-E80E-41ED-A567-DC087D611600}
	EndGlobalSection
EndGlobal
